# THIS IS AN AUTOGENERATED FILE. DO NOT EDIT THIS FILE DIRECTLY.
# yarn lockfile v1


"@babel/runtime@^7.9.0":
  version "7.25.0"
  resolved "https://registry.yarnpkg.com/@babel/runtime/-/runtime-7.25.0.tgz#3af9a91c1b739c569d5d80cc917280919c544ecb"
  integrity sha512-7dRy4DwXwtzBrPbZflqxnvfxLF8kdZXPkhymtDeFoFqE6ldzjQFgYTtYIFARcLEYDrqfBfYcZt1WqFxRoyC9Rw==
  dependencies:
    regenerator-runtime "^0.14.0"

"@trpc/react@^9.27.4":
  version "9.27.4"
  resolved "https://registry.yarnpkg.com/@trpc/react/-/react-9.27.4.tgz#0320e0cbd416506959ddc65a10758fc41d70fb65"
  integrity sha512-bP74Tf6vWcMoWYiTAvbWrieV9cFQiKUDKRoRj0+VeGJbxdbhdJyUzv4zos0T4SiSKuhgoEm9bP4jWU2NhNhpIA==
  dependencies:
    "@babel/runtime" "^7.9.0"

"@trpc/server@^10.45.2":
  version "10.45.2"
  resolved "https://registry.yarnpkg.com/@trpc/server/-/server-10.45.2.tgz#5f2778c4810f93b5dc407146334f8da70a0b51fb"
  integrity sha512-wOrSThNNE4HUnuhJG6PfDRp4L2009KDVxsd+2VYH8ro6o/7/jwYZ8Uu5j+VaW+mOmc8EHerHzGcdbGNQSAUPgg==

regenerator-runtime@^0.14.0:
  version "0.14.1"
  resolved "https://registry.yarnpkg.com/regenerator-runtime/-/regenerator-runtime-0.14.1.tgz#356ade10263f685dda125100cd862c1db895327f"
  integrity sha512-dYnhHh0nJoMfnkZs6GmmhFknAGRrLznOu5nc9ML+EJxGvrx6H7teuevqVqCuPcPK//3eDrrjQhehXVx9cnkGdw==

zod@^3.23.8:
  version "3.23.8"
  resolved "https://registry.yarnpkg.com/zod/-/zod-3.23.8.tgz#e37b957b5d52079769fb8097099b592f0ef4067d"
  integrity sha512-XBx9AXhXktjUqnepgTiE5flcKIYWi/rme0Eaj+5Y0lftuGBq+jyRu/md4WnuxqgP1ubdpNCsYEYPxrzVHD8d6g==
